
Microsoft Visual Studio Solution File, Format Version 12.00
# Visual Studio Version 17
VisualStudioVersion = 17.7.34202.233
MinimumVisualStudioVersion = 10.0.40219.1
Project("{FAE04EC0-301F-11D3-BF4B-00C04F79EFBC}") = "GreenJournal.Android", "GreenJournal.Android\GreenJournal.Android.csproj", "{3B8F403E-E29A-4356-BE4D-C944497483D9}"
EndProject
Project("{FAE04EC0-301F-11D3-BF4B-00C04F79EFBC}") = "GreenJournal.iOS", "GreenJournal.iOS\GreenJournal.iOS.csproj", "{604E4C0B-1DD2-4CB1-B538-122F4A613B5D}"
EndProject
Project("{FAE04EC0-301F-11D3-BF4B-00C04F79EFBC}") = "GreenJournal", "GreenJournal\GreenJournal.csproj", "{99B884C5-96A9-41E0-8C78-87C223A39E0E}"
EndProject
Global
	GlobalSection(SolutionConfigurationPlatforms) = preSolution
		Debug|Any CPU = Debug|Any CPU
		Debug|iPhone = Debug|iPhone
		Debug|iPhoneSimulator = Debug|iPhoneSimulator
		Release|Any CPU = Release|Any CPU
		Release|iPhone = Release|iPhone
		Release|iPhoneSimulator = Release|iPhoneSimulator
	EndGlobalSection
	GlobalSection(ProjectConfigurationPlatforms) = postSolution
		{3B8F403E-E29A-4356-BE4D-C944497483D9}.Debug|Any CPU.ActiveCfg = Debug|Any CPU
		{3B8F403E-E29A-4356-BE4D-C944497483D9}.Debug|Any CPU.Build.0 = Debug|Any CPU
		{3B8F403E-E29A-4356-BE4D-C944497483D9}.Debug|Any CPU.Deploy.0 = Debug|Any CPU
		{3B8F403E-E29A-4356-BE4D-C944497483D9}.Debug|iPhone.ActiveCfg = Debug|Any CPU
		{3B8F403E-E29A-4356-BE4D-C944497483D9}.Debug|iPhone.Build.0 = Debug|Any CPU
		{3B8F403E-E29A-4356-BE4D-C944497483D9}.Debug|iPhone.Deploy.0 = Debug|Any CPU
		{3B8F403E-E29A-4356-BE4D-C944497483D9}.Debug|iPhoneSimulator.ActiveCfg = Debug|Any CPU
		{3B8F403E-E29A-4356-BE4D-C944497483D9}.Debug|iPhoneSimulator.Build.0 = Debug|Any CPU
		{3B8F403E-E29A-4356-BE4D-C944497483D9}.Debug|iPhoneSimulator.Deploy.0 = Debug|Any CPU
		{3B8F403E-E29A-4356-BE4D-C944497483D9}.Release|Any CPU.ActiveCfg = Release|Any CPU
		{3B8F403E-E29A-4356-BE4D-C944497483D9}.Release|Any CPU.Build.0 = Release|Any CPU
		{3B8F403E-E29A-4356-BE4D-C944497483D9}.Release|Any CPU.Deploy.0 = Release|Any CPU
		{3B8F403E-E29A-4356-BE4D-C944497483D9}.Release|iPhone.ActiveCfg = Release|Any CPU
		{3B8F403E-E29A-4356-BE4D-C944497483D9}.Release|iPhone.Build.0 = Release|Any CPU
		{3B8F403E-E29A-4356-BE4D-C944497483D9}.Release|iPhone.Deploy.0 = Release|Any CPU
		{3B8F403E-E29A-4356-BE4D-C944497483D9}.Release|iPhoneSimulator.ActiveCfg = Release|Any CPU
		{3B8F403E-E29A-4356-BE4D-C944497483D9}.Release|iPhoneSimulator.Build.0 = Release|Any CPU
		{3B8F403E-E29A-4356-BE4D-C944497483D9}.Release|iPhoneSimulator.Deploy.0 = Release|Any CPU
		{604E4C0B-1DD2-4CB1-B538-122F4A613B5D}.Debug|Any CPU.ActiveCfg = Debug|iPhone
		{604E4C0B-1DD2-4CB1-B538-122F4A613B5D}.Debug|Any CPU.Build.0 = Debug|iPhone
		{604E4C0B-1DD2-4CB1-B538-122F4A613B5D}.Debug|Any CPU.Deploy.0 = Debug|iPhone
		{604E4C0B-1DD2-4CB1-B538-122F4A613B5D}.Debug|iPhone.ActiveCfg = Debug|iPhone
		{604E4C0B-1DD2-4CB1-B538-122F4A613B5D}.Debug|iPhone.Build.0 = Debug|iPhone
		{604E4C0B-1DD2-4CB1-B538-122F4A613B5D}.Debug|iPhone.Deploy.0 = Debug|iPhone
		{604E4C0B-1DD2-4CB1-B538-122F4A613B5D}.Debug|iPhoneSimulator.ActiveCfg = Debug|iPhoneSimulator
		{604E4C0B-1DD2-4CB1-B538-122F4A613B5D}.Debug|iPhoneSimulator.Build.0 = Debug|iPhoneSimulator
		{604E4C0B-1DD2-4CB1-B538-122F4A613B5D}.Debug|iPhoneSimulator.Deploy.0 = Debug|iPhoneSimulator
		{604E4C0B-1DD2-4CB1-B538-122F4A613B5D}.Release|Any CPU.ActiveCfg = Release|iPhoneSimulator
		{604E4C0B-1DD2-4CB1-B538-122F4A613B5D}.Release|Any CPU.Build.0 = Release|iPhoneSimulator
		{604E4C0B-1DD2-4CB1-B538-122F4A613B5D}.Release|Any CPU.Deploy.0 = Release|iPhoneSimulator
		{604E4C0B-1DD2-4CB1-B538-122F4A613B5D}.Release|iPhone.ActiveCfg = Release|iPhone
		{604E4C0B-1DD2-4CB1-B538-122F4A613B5D}.Release|iPhone.Build.0 = Release|iPhone
		{604E4C0B-1DD2-4CB1-B538-122F4A613B5D}.Release|iPhone.Deploy.0 = Release|iPhone
		{604E4C0B-1DD2-4CB1-B538-122F4A613B5D}.Release|iPhoneSimulator.ActiveCfg = Release|iPhoneSimulator
		{604E4C0B-1DD2-4CB1-B538-122F4A613B5D}.Release|iPhoneSimulator.Build.0 = Release|iPhoneSimulator
		{604E4C0B-1DD2-4CB1-B538-122F4A613B5D}.Release|iPhoneSimulator.Deploy.0 = Release|iPhoneSimulator
		{99B884C5-96A9-41E0-8C78-87C223A39E0E}.Debug|Any CPU.ActiveCfg = Debug|Any CPU
		{99B884C5-96A9-41E0-8C78-87C223A39E0E}.Debug|Any CPU.Build.0 = Debug|Any CPU
		{99B884C5-96A9-41E0-8C78-87C223A39E0E}.Debug|Any CPU.Deploy.0 = Debug|Any CPU
		{99B884C5-96A9-41E0-8C78-87C223A39E0E}.Debug|iPhone.ActiveCfg = Debug|Any CPU
		{99B884C5-96A9-41E0-8C78-87C223A39E0E}.Debug|iPhone.Build.0 = Debug|Any CPU
		{99B884C5-96A9-41E0-8C78-87C223A39E0E}.Debug|iPhone.Deploy.0 = Debug|Any CPU
		{99B884C5-96A9-41E0-8C78-87C223A39E0E}.Debug|iPhoneSimulator.ActiveCfg = Debug|Any CPU
		{99B884C5-96A9-41E0-8C78-87C223A39E0E}.Debug|iPhoneSimulator.Build.0 = Debug|Any CPU
		{99B884C5-96A9-41E0-8C78-87C223A39E0E}.Debug|iPhoneSimulator.Deploy.0 = Debug|Any CPU
		{99B884C5-96A9-41E0-8C78-87C223A39E0E}.Release|Any CPU.ActiveCfg = Release|Any CPU
		{99B884C5-96A9-41E0-8C78-87C223A39E0E}.Release|Any CPU.Build.0 = Release|Any CPU
		{99B884C5-96A9-41E0-8C78-87C223A39E0E}.Release|Any CPU.Deploy.0 = Release|Any CPU
		{99B884C5-96A9-41E0-8C78-87C223A39E0E}.Release|iPhone.ActiveCfg = Release|Any CPU
		{99B884C5-96A9-41E0-8C78-87C223A39E0E}.Release|iPhone.Build.0 = Release|Any CPU
		{99B884C5-96A9-41E0-8C78-87C223A39E0E}.Release|iPhone.Deploy.0 = Release|Any CPU
		{99B884C5-96A9-41E0-8C78-87C223A39E0E}.Release|iPhoneSimulator.ActiveCfg = Release|Any CPU
		{99B884C5-96A9-41E0-8C78-87C223A39E0E}.Release|iPhoneSimulator.Build.0 = Release|Any CPU
		{99B884C5-96A9-41E0-8C78-87C223A39E0E}.Release|iPhoneSimulator.Deploy.0 = Release|Any CPU
	EndGlobalSection
	GlobalSection(SolutionProperties) = preSolution
		HideSolutionNode = FALSE
	EndGlobalSection
	GlobalSection(ExtensibilityGlobals) = postSolution
		SolutionGuid = {79D505C9-CDF2-47B5-B0B6-6D583C3A4AD3}
	EndGlobalSection
EndGlobal
